%{"earmark": {:hex, :earmark, "1.2.3", "206eb2e2ac1a794aa5256f3982de7a76bf4579ff91cb28d0e17ea2c9491e46a4", [:mix], []},
  "ex_spirit": {:hex, :ex_spirit, "0.3.3", "89bd061c68a63b8a4321d768d87e918a7ba60f5a044e5961b14544d1f062901d", [:mix], []},
  "makeup_elixir": {:hex, :makeup_elixir, "0.2.0", "2a16854b9ecc44386241b03e2be50b83d0cdeac38c1cbeed1b16812238443f3a", [:mix], [{:makeup, "0.2.0", [hex: :makeup, optional: false]}]}}
